
Microsoft Visual Studio Solution File, Format Version 12.00
# Visual Studio Version 16
VisualStudioVersion = 16.0.30804.86
MinimumVisualStudioVersion = 10.0.40219.1
Project("{FAE04EC0-301F-11D3-BF4B-00C04F79EFBC}") = "IS413 Assignment 4", "IS413 Assignment 4.csproj", "{65CDD9CC-4C71-413C-8963-68858BD5D15F}"
EndProject
Project("{2150E333-8FDC-42A3-9474-1A3956D46DE8}") = "Solution Items", "Solution Items", "{321A4283-4A8D-4FEA-B4B8-753D74B374BE}"
	ProjectSection(SolutionItems) = preProject
		.editorconfig = .editorconfig
	EndProjectSection
EndProject
Global
	GlobalSection(SolutionConfigurationPlatforms) = preSolution
		Debug|Any CPU = Debug|Any CPU
		Release|Any CPU = Release|Any CPU
	EndGlobalSection
	GlobalSection(ProjectConfigurationPlatforms) = postSolution
		{65CDD9CC-4C71-413C-8963-68858BD5D15F}.Debug|Any CPU.ActiveCfg = Debug|Any CPU
		{65CDD9CC-4C71-413C-8963-68858BD5D15F}.Debug|Any CPU.Build.0 = Debug|Any CPU
		{65CDD9CC-4C71-413C-8963-68858BD5D15F}.Release|Any CPU.ActiveCfg = Release|Any CPU
		{65CDD9CC-4C71-413C-8963-68858BD5D15F}.Release|Any CPU.Build.0 = Release|Any CPU
	EndGlobalSection
	GlobalSection(SolutionProperties) = preSolution
		HideSolutionNode = FALSE
	EndGlobalSection
	GlobalSection(ExtensibilityGlobals) = postSolution
		SolutionGuid = {2AA76B90-87D8-41B0-AEB0-A9D7BC014E94}
	EndGlobalSection
EndGlobal
